
Microsoft Visual Studio Solution File, Format Version 12.00
# Visual Studio Version 16
VisualStudioVersion = 16.0.30523.141
MinimumVisualStudioVersion = 10.0.40219.1
Project("{9A19103F-16F7-4668-BE54-9A1E7A4F7556}") = "Bronhomunal Redux", "Bronhomunal Redux\Bronhomunal Redux.csproj", "{49F40085-7260-4EB1-8F1D-6B67FDB75158}"
EndProject
Project("{FAE04EC0-301F-11D3-BF4B-00C04F79EFBC}") = "RPGCore", "RPGCore\RPGCore.csproj", "{91D52233-1513-4CBC-993E-D5118A0267CE}"
EndProject
Global
	GlobalSection(SolutionConfigurationPlatforms) = preSolution
		Debug|Any CPU = Debug|Any CPU
		Release|Any CPU = Release|Any CPU
	EndGlobalSection
	GlobalSection(ProjectConfigurationPlatforms) = postSolution
		{49F40085-7260-4EB1-8F1D-6B67FDB75158}.Debug|Any CPU.ActiveCfg = Debug|Any CPU
		{49F40085-7260-4EB1-8F1D-6B67FDB75158}.Debug|Any CPU.Build.0 = Debug|Any CPU
		{49F40085-7260-4EB1-8F1D-6B67FDB75158}.Release|Any CPU.ActiveCfg = Release|Any CPU
		{49F40085-7260-4EB1-8F1D-6B67FDB75158}.Release|Any CPU.Build.0 = Release|Any CPU
		{91D52233-1513-4CBC-993E-D5118A0267CE}.Debug|Any CPU.ActiveCfg = Debug|Any CPU
		{91D52233-1513-4CBC-993E-D5118A0267CE}.Debug|Any CPU.Build.0 = Debug|Any CPU
		{91D52233-1513-4CBC-993E-D5118A0267CE}.Release|Any CPU.ActiveCfg = Release|Any CPU
		{91D52233-1513-4CBC-993E-D5118A0267CE}.Release|Any CPU.Build.0 = Release|Any CPU
	EndGlobalSection
	GlobalSection(SolutionProperties) = preSolution
		HideSolutionNode = FALSE
	EndGlobalSection
	GlobalSection(ExtensibilityGlobals) = postSolution
		SolutionGuid = {30080559-B275-4C59-8460-A3309F076638}
	EndGlobalSection
EndGlobal
